
Microsoft Visual Studio Solution File, Format Version 12.00
# Visual Studio 14
VisualStudioVersion = 14.0.25420.1
MinimumVisualStudioVersion = 10.0.40219.1
Project("{FAE04EC0-301F-11D3-BF4B-00C04F79EFBC}") = "VirtualRTU", "VirtualRTU\VirtualRTU.csproj", "{976264A2-9EA5-4F53-B7A4-9B06739AB8E4}"
EndProject
Project("{FAE04EC0-301F-11D3-BF4B-00C04F79EFBC}") = "CommunicateCore", "CommunicateCore\CommunicateCore.csproj", "{10219DDE-D1E3-4EB6-8F89-34F82AAB10D0}"
EndProject
Project("{FAE04EC0-301F-11D3-BF4B-00C04F79EFBC}") = "UnitTestProject1", "UnitTestProject1\UnitTestProject1.csproj", "{BD79C624-200F-43E0-8A3C-08C6D79C9ED3}"
EndProject
Global
	GlobalSection(SolutionConfigurationPlatforms) = preSolution
		Debug|Any CPU = Debug|Any CPU
		Release|Any CPU = Release|Any CPU
	EndGlobalSection
	GlobalSection(ProjectConfigurationPlatforms) = postSolution
		{976264A2-9EA5-4F53-B7A4-9B06739AB8E4}.Debug|Any CPU.ActiveCfg = Debug|Any CPU
		{976264A2-9EA5-4F53-B7A4-9B06739AB8E4}.Debug|Any CPU.Build.0 = Debug|Any CPU
		{976264A2-9EA5-4F53-B7A4-9B06739AB8E4}.Release|Any CPU.ActiveCfg = Release|Any CPU
		{976264A2-9EA5-4F53-B7A4-9B06739AB8E4}.Release|Any CPU.Build.0 = Release|Any CPU
		{10219DDE-D1E3-4EB6-8F89-34F82AAB10D0}.Debug|Any CPU.ActiveCfg = Debug|Any CPU
		{10219DDE-D1E3-4EB6-8F89-34F82AAB10D0}.Debug|Any CPU.Build.0 = Debug|Any CPU
		{10219DDE-D1E3-4EB6-8F89-34F82AAB10D0}.Release|Any CPU.ActiveCfg = Release|Any CPU
		{10219DDE-D1E3-4EB6-8F89-34F82AAB10D0}.Release|Any CPU.Build.0 = Release|Any CPU
		{BD79C624-200F-43E0-8A3C-08C6D79C9ED3}.Debug|Any CPU.ActiveCfg = Debug|Any CPU
		{BD79C624-200F-43E0-8A3C-08C6D79C9ED3}.Debug|Any CPU.Build.0 = Debug|Any CPU
		{BD79C624-200F-43E0-8A3C-08C6D79C9ED3}.Release|Any CPU.ActiveCfg = Release|Any CPU
		{BD79C624-200F-43E0-8A3C-08C6D79C9ED3}.Release|Any CPU.Build.0 = Release|Any CPU
	EndGlobalSection
	GlobalSection(SolutionProperties) = preSolution
		HideSolutionNode = FALSE
	EndGlobalSection
EndGlobal
